
Microsoft Visual Studio Solution File, Format Version 12.00
# Visual Studio Version 17
VisualStudioVersion = 17.9.34728.123
MinimumVisualStudioVersion = 10.0.40219.1
Project("{FAE04EC0-301F-11D3-BF4B-00C04F79EFBC}") = "SP-Task-1", "SP-Task-1\SP-Task-1.csproj", "{0B534FB1-3581-4700-82A9-C545717674C2}"
EndProject
Global
	GlobalSection(SolutionConfigurationPlatforms) = preSolution
		Debug|Any CPU = Debug|Any CPU
		Release|Any CPU = Release|Any CPU
	EndGlobalSection
	GlobalSection(ProjectConfigurationPlatforms) = postSolution
		{0B534FB1-3581-4700-82A9-C545717674C2}.Debug|Any CPU.ActiveCfg = Debug|Any CPU
		{0B534FB1-3581-4700-82A9-C545717674C2}.Debug|Any CPU.Build.0 = Debug|Any CPU
		{0B534FB1-3581-4700-82A9-C545717674C2}.Release|Any CPU.ActiveCfg = Release|Any CPU
		{0B534FB1-3581-4700-82A9-C545717674C2}.Release|Any CPU.Build.0 = Release|Any CPU
	EndGlobalSection
	GlobalSection(SolutionProperties) = preSolution
		HideSolutionNode = FALSE
	EndGlobalSection
	GlobalSection(ExtensibilityGlobals) = postSolution
		SolutionGuid = {CC7162D7-8BEC-4891-AADD-4625A60ED258}
	EndGlobalSection
EndGlobal
